// !$*UTF8*$!
{
	archiveVersion = 1;
	classes = {
	};
	objectVersion = 56;
	objects = {

/* Begin PBXBuildFile section */
		AA00CC0100000000000000AA /* App.swift in Sources */ = {isa = PBXBuildFile; fileRef = AA00BB0100000000000000AA /* App.swift */; };
		AA00CC0200000000000000AA /* AppDelegate.swift in Sources */ = {isa = PBXBuildFile; fileRef = AA00BB0200000000000000AA /* AppDelegate.swift */; };
		AA00CC0300000000000000AA /* ContentView.swift in Sources */ = {isa = PBXBuildFile; fileRef = AA00BB0300000000000000AA /* ContentView.swift */; };
		AA00CC0400000000000000AA /* Models.swift in Sources */ = {isa = PBXBuildFile; fileRef = AA00BB0400000000000000AA /* Models.swift */; };
		AA00CC0500000000000000AA /* SessionManager.swift in Sources */ = {isa = PBXBuildFile; fileRef = AA00BB0500000000000000AA /* SessionManager.swift */; };
		AA00CC0600000000000000AA /* TerminalCapture.swift in Sources */ = {isa = PBXBuildFile; fileRef = AA00BB0600000000000000AA /* TerminalCapture.swift */; };
		AA00CC0700000000000000AA /* Assets.xcassets in Resources */ = {isa = PBXBuildFile; fileRef = AA00BB0700000000000000AA /* Assets.xcassets */; };
		AA00CC0800000000000000AA /* AIIcons.swift in Sources */ = {isa = PBXBuildFile; fileRef = AA00BB0900000000000000AA /* AIIcons.swift */; };
		DC9E398A2F76FEF5000D58C4 /* Sparkle in Frameworks */ = {isa = PBXBuildFile; productRef = DC9E39892F76FEF5000D58C4 /* Sparkle */; };
/* End PBXBuildFile section */

/* Begin PBXFileReference section */
		AA00BB0000000000000000AA /* Terminal Sessions.app */ = {isa = PBXFileReference; explicitFileType = wrapper.application; includeInIndex = 0; path = "Terminal Sessions.app"; sourceTree = BUILT_PRODUCTS_DIR; };
		AA00BB0100000000000000AA /* App.swift */ = {isa = PBXFileReference; lastKnownFileType = sourcecode.swift; path = App.swift; sourceTree = "<group>"; };
		AA00BB0200000000000000AA /* AppDelegate.swift */ = {isa = PBXFileReference; lastKnownFileType = sourcecode.swift; path = AppDelegate.swift; sourceTree = "<group>"; };
		AA00BB0300000000000000AA /* ContentView.swift */ = {isa = PBXFileReference; lastKnownFileType = sourcecode.swift; path = ContentView.swift; sourceTree = "<group>"; };
		AA00BB0400000000000000AA /* Models.swift */ = {isa = PBXFileReference; lastKnownFileType = sourcecode.swift; path = Models.swift; sourceTree = "<group>"; };
		AA00BB0500000000000000AA /* SessionManager.swift */ = {isa = PBXFileReference; lastKnownFileType = sourcecode.swift; path = SessionManager.swift; sourceTree = "<group>"; };
		AA00BB0600000000000000AA /* TerminalCapture.swift */ = {isa = PBXFileReference; lastKnownFileType = sourcecode.swift; path = TerminalCapture.swift; sourceTree = "<group>"; };
		AA00BB0700000000000000AA /* Assets.xcassets */ = {isa = PBXFileReference; lastKnownFileType = folder.assetcatalog; path = Assets.xcassets; sourceTree = "<group>"; };
		AA00BB0800000000000000AA /* Info.plist */ = {isa = PBXFileReference; lastKnownFileType = text.plist.xml; path = Info.plist; sourceTree = "<group>"; };
		AA00BB0900000000000000AA /* AIIcons.swift */ = {isa = PBXFileReference; lastKnownFileType = sourcecode.swift; path = AIIcons.swift; sourceTree = "<group>"; };
/* End PBXFileReference section */

/* Begin PBXFrameworksBuildPhase section */
		AA00EE0200000000000000AA /* Frameworks */ = {
			isa = PBXFrameworksBuildPhase;
			buildActionMask = 2147483647;
			files = (
				DC9E398A2F76FEF5000D58C4 /* Sparkle in Frameworks */,
			);
			runOnlyForDeploymentPostprocessing = 0;
		};
/* End PBXFrameworksBuildPhase section */

/* Begin PBXGroup section */
		AA00AA0000000000000000AA = {
			isa = PBXGroup;
			children = (
				AA00AA0100000000000000AA /* Terminal Sessions */,
				AA00AA0200000000000000AA /* Products */,
			);
			sourceTree = "<group>";
		};
		AA00AA0100000000000000AA /* Terminal Sessions */ = {
			isa = PBXGroup;
			children = (
				AA00BB0100000000000000AA /* App.swift */,
				AA00BB0200000000000000AA /* AppDelegate.swift */,
				AA00BB0300000000000000AA /* ContentView.swift */,
				AA00BB0400000000000000AA /* Models.swift */,
				AA00BB0500000000000000AA /* SessionManager.swift */,
				AA00BB0600000000000000AA /* TerminalCapture.swift */,
				AA00BB0900000000000000AA /* AIIcons.swift */,
				AA00BB0700000000000000AA /* Assets.xcassets */,
				AA00BB0800000000000000AA /* Info.plist */,
			);
			path = "Terminal Sessions";
			sourceTree = "<group>";
		};
		AA00AA0200000000000000AA /* Products */ = {
			isa = PBXGroup;
			children = (
				AA00BB0000000000000000AA /* Terminal Sessions.app */,
			);
			name = Products;
			sourceTree = "<group>";
		};
/* End PBXGroup section */

/* Begin PBXNativeTarget section */
		AA00000000000000000000AA /* Terminal Sessions */ = {
			isa = PBXNativeTarget;
			buildConfigurationList = AA00FF0100000000000000AA /* Build configuration list for PBXNativeTarget "Terminal Sessions" */;
			buildPhases = (
				AA00EE0100000000000000AA /* Sources */,
				AA00EE0200000000000000AA /* Frameworks */,
				AA00EE0300000000000000AA /* Resources */,
			);
			buildRules = (
			);
			dependencies = (
			);
			name = "Terminal Sessions";
			productName = "Terminal Sessions";
			productReference = AA00BB0000000000000000AA /* Terminal Sessions.app */;
			productType = "com.apple.product-type.application";
		};
/* End PBXNativeTarget section */

/* Begin PBXProject section */
		AA00PROJ000000000000000A /* Project object */ = {
			isa = PBXProject;
			attributes = {
				BuildIndependentTargetsInParallel = 1;
				LastSwiftUpdateCheck = 1500;
				LastUpgradeCheck = 1500;
				TargetAttributes = {
					AA00000000000000000000AA = {
						CreatedOnToolsVersion = 15.0;
					};
				};
			};
			buildConfigurationList = AA00FF0200000000000000AA /* Build configuration list for PBXProject "Terminal Sessions" */;
			compatibilityVersion = "Xcode 14.0";
			developmentRegion = en;
			hasScannedForEncodings = 0;
			knownRegions = (
				en,
				Base,
			);
			mainGroup = AA00AA0000000000000000AA;
			packageReferences = (
				DC9E39882F76FEF5000D58C4 /* XCRemoteSwiftPackageReference "Sparkle" */,
			);
			productRefGroup = AA00AA0200000000000000AA /* Products */;
			projectDirPath = "";
			projectRoot = "";
			targets = (
				AA00000000000000000000AA /* Terminal Sessions */,
			);
		};
/* End PBXProject section */

/* Begin PBXResourcesBuildPhase section */
		AA00EE0300000000000000AA /* Resources */ = {
			isa = PBXResourcesBuildPhase;
			buildActionMask = 2147483647;
			files = (
				AA00CC0700000000000000AA /* Assets.xcassets in Resources */,
			);
			runOnlyForDeploymentPostprocessing = 0;
		};
/* End PBXResourcesBuildPhase section */

/* Begin PBXSourcesBuildPhase section */
		AA00EE0100000000000000AA /* Sources */ = {
			isa = PBXSourcesBuildPhase;
			buildActionMask = 2147483647;
			files = (
				AA00CC0100000000000000AA /* App.swift in Sources */,
				AA00CC0200000000000000AA /* AppDelegate.swift in Sources */,
				AA00CC0300000000000000AA /* ContentView.swift in Sources */,
				AA00CC0400000000000000AA /* Models.swift in Sources */,
				AA00CC0500000000000000AA /* SessionManager.swift in Sources */,
				AA00CC0600000000000000AA /* TerminalCapture.swift in Sources */,
				AA00CC0800000000000000AA /* AIIcons.swift in Sources */,
			);
			runOnlyForDeploymentPostprocessing = 0;
		};
/* End PBXSourcesBuildPhase section */

/* Begin XCBuildConfiguration section */
		AA00DD0100000000000000AA /* Debug */ = {
			isa = XCBuildConfiguration;
			buildSettings = {
				ASSETCATALOG_COMPILER_APPICON_NAME = AppIcon;
				ASSETCATALOG_COMPILER_GLOBAL_ACCENT_COLOR_NAME = AccentColor;
				CODE_SIGN_STYLE = Automatic;
				COMBINE_HIDPI_IMAGES = YES;
				CURRENT_PROJECT_VERSION = 1;
				GENERATE_INFOPLIST_FILE = NO;
				INFOPLIST_FILE = "Terminal Sessions/Info.plist";
				LD_RUNPATH_SEARCH_PATHS = (
					"$(inherited)",
					"@executable_path/../Frameworks",
				);
				MACOSX_DEPLOYMENT_TARGET = 13.0;
				MARKETING_VERSION = 1.1;
				PRODUCT_BUNDLE_IDENTIFIER = com.terminalsessions.app;
				PRODUCT_NAME = "$(TARGET_NAME)";
				SWIFT_EMIT_LOC_STRINGS = YES;
				SWIFT_VERSION = 5.0;
			};
			name = Debug;
		};
		AA00DD0200000000000000AA /* Release */ = {
			isa = XCBuildConfiguration;
			buildSettings = {
				ASSETCATALOG_COMPILER_APPICON_NAME = AppIcon;
				ASSETCATALOG_COMPILER_GLOBAL_ACCENT_COLOR_NAME = AccentColor;
				CODE_SIGN_STYLE = Automatic;
				COMBINE_HIDPI_IMAGES = YES;
				CURRENT_PROJECT_VERSION = 1;
				GENERATE_INFOPLIST_FILE = NO;
				INFOPLIST_FILE = "Terminal Sessions/Info.plist";
				LD_RUNPATH_SEARCH_PATHS = (
					"$(inherited)",
					"@executable_path/../Frameworks",
				);
				MACOSX_DEPLOYMENT_TARGET = 13.0;
				MARKETING_VERSION = 1.1;
				PRODUCT_BUNDLE_IDENTIFIER = com.terminalsessions.app;
				PRODUCT_NAME = "$(TARGET_NAME)";
				SWIFT_EMIT_LOC_STRINGS = YES;
				SWIFT_VERSION = 5.0;
			};
			name = Release;
		};
		AA00DD0300000000000000AA /* Debug */ = {
			isa = XCBuildConfiguration;
			buildSettings = {
				ALWAYS_SEARCH_USER_PATHS = NO;
				CLANG_ANALYZER_NONNULL = YES;
				CLANG_ANALYZER_NUMBER_OBJECT_CONVERSION = YES_AGGRESSIVE;
				CLANG_CXX_LANGUAGE_STANDARD = "gnu++20";
				CLANG_ENABLE_MODULES = YES;
				CLANG_ENABLE_OBJC_ARC = YES;
				CLANG_ENABLE_OBJC_WEAK = YES;
				CLANG_WARN_BLOCK_CAPTURE_AUTORELEASING = YES;
				CLANG_WARN_BOOL_CONVERSION = YES;
				CLANG_WARN_COMMA = YES;
				CLANG_WARN_CONSTANT_CONVERSION = YES;
				CLANG_WARN_DEPRECATED_OBJC_IMPLEMENTATIONS = YES;
				CLANG_WARN_DIRECT_OBJC_ISA_USAGE = YES_ERROR;
				CLANG_WARN_DOCUMENTATION_COMMENTS = YES;
				CLANG_WARN_EMPTY_BODY = YES;
				CLANG_WARN_ENUM_CONVERSION = YES;
				CLANG_WARN_INFINITE_LOOPS = YES;
				CLANG_WARN_INT_CONVERSION = YES;
				CLANG_WARN_NON_LITERAL_NULL_CONVERSION = YES;
				CLANG_WARN_OBJC_IMPLICIT_RETAIN_SELF = YES;
				CLANG_WARN_OBJC_LITERAL_CONVERSION = YES;
				CLANG_WARN_OBJC_ROOT_CLASS = YES_ERROR;
				CLANG_WARN_QUOTED_INCLUDE_IN_FRAMEWORK_HEADER = YES;
				CLANG_WARN_RANGE_LOOP_ANALYSIS = YES;
				CLANG_WARN_STRICT_PROTOTYPES = YES;
				CLANG_WARN_SUSPICIOUS_MOVE = YES;
				CLANG_WARN_UNGUARDED_AVAILABILITY = YES_AGGRESSIVE;
				CLANG_WARN_UNREACHABLE_CODE = YES;
				CLANG_WARN__DUPLICATE_METHOD_MATCH = YES;
				COPY_PHASE_STRIP = NO;
				DEBUG_INFORMATION_FORMAT = dwarf;
				ENABLE_STRICT_OBJC_MSGSEND = YES;
				ENABLE_TESTABILITY = YES;
				GCC_C_LANGUAGE_STANDARD = gnu17;
				GCC_DYNAMIC_NO_PIC = NO;
				GCC_NO_COMMON_BLOCKS = YES;
				GCC_OPTIMIZATION_LEVEL = 0;
				GCC_PREPROCESSOR_DEFINITIONS = (
					"DEBUG=1",
					"$(inherited)",
				);
				GCC_WARN_64_TO_32_BIT_CONVERSION = YES;
				GCC_WARN_ABOUT_RETURN_TYPE = YES_ERROR;
				GCC_WARN_UNDECLARED_SELECTOR = YES;
				GCC_WARN_UNINITIALIZED_AUTOS = YES_AGGRESSIVE;
				GCC_WARN_UNUSED_FUNCTION = YES;
				GCC_WARN_UNUSED_VARIABLE = YES;
				MACOSX_DEPLOYMENT_TARGET = 13.0;
				MTL_ENABLE_DEBUG_INFO = INCLUDE_SOURCE;
				MTL_FAST_MATH = YES;
				ONLY_ACTIVE_ARCH = YES;
				SDKROOT = macosx;
				SWIFT_ACTIVE_COMPILATION_CONDITIONS = DEBUG;
				SWIFT_OPTIMIZATION_LEVEL = "-Onone";
			};
			name = Debug;
		};
		AA00DD0400000000000000AA /* Release */ = {
			isa = XCBuildConfiguration;
			buildSettings = {
				ALWAYS_SEARCH_USER_PATHS = NO;
				CLANG_ANALYZER_NONNULL = YES;
				CLANG_ANALYZER_NUMBER_OBJECT_CONVERSION = YES_AGGRESSIVE;
				CLANG_CXX_LANGUAGE_STANDARD = "gnu++20";
				CLANG_ENABLE_MODULES = YES;
				CLANG_ENABLE_OBJC_ARC = YES;
				CLANG_ENABLE_OBJC_WEAK = YES;
				COPY_PHASE_STRIP = NO;
				DEBUG_INFORMATION_FORMAT = "dwarf-with-dsym";
				ENABLE_NS_ASSERTIONS = NO;
				ENABLE_STRICT_OBJC_MSGSEND = YES;
				GCC_C_LANGUAGE_STANDARD = gnu17;
				GCC_NO_COMMON_BLOCKS = YES;
				GCC_WARN_64_TO_32_BIT_CONVERSION = YES;
				GCC_WARN_ABOUT_RETURN_TYPE = YES_ERROR;
				GCC_WARN_UNDECLARED_SELECTOR = YES;
				GCC_WARN_UNINITIALIZED_AUTOS = YES_AGGRESSIVE;
				GCC_WARN_UNUSED_FUNCTION = YES;
				GCC_WARN_UNUSED_VARIABLE = YES;
				MACOSX_DEPLOYMENT_TARGET = 13.0;
				MTL_ENABLE_DEBUG_INFO = NO;
				MTL_FAST_MATH = YES;
				SDKROOT = macosx;
				SWIFT_COMPILATION_MODE = wholemodule;
				SWIFT_OPTIMIZATION_LEVEL = "-O";
			};
			name = Release;
		};
/* End XCBuildConfiguration section */

/* Begin XCConfigurationList section */
		AA00FF0100000000000000AA /* Build configuration list for PBXNativeTarget "Terminal Sessions" */ = {
			isa = XCConfigurationList;
			buildConfigurations = (
				AA00DD0100000000000000AA /* Debug */,
				AA00DD0200000000000000AA /* Release */,
			);
			defaultConfigurationIsVisible = 0;
			defaultConfigurationName = Release;
		};
		AA00FF0200000000000000AA /* Build configuration list for PBXProject "Terminal Sessions" */ = {
			isa = XCConfigurationList;
			buildConfigurations = (
				AA00DD0300000000000000AA /* Debug */,
				AA00DD0400000000000000AA /* Release */,
			);
			defaultConfigurationIsVisible = 0;
			defaultConfigurationName = Release;
		};
/* End XCConfigurationList section */

/* Begin XCRemoteSwiftPackageReference section */
		DC9E39882F76FEF5000D58C4 /* XCRemoteSwiftPackageReference "Sparkle" */ = {
			isa = XCRemoteSwiftPackageReference;
			repositoryURL = "https://github.com/sparkle-project/Sparkle";
			requirement = {
				kind = upToNextMajorVersion;
				minimumVersion = 2.9.0;
			};
		};
/* End XCRemoteSwiftPackageReference section */

/* Begin XCSwiftPackageProductDependency section */
		DC9E39892F76FEF5000D58C4 /* Sparkle */ = {
			isa = XCSwiftPackageProductDependency;
			package = DC9E39882F76FEF5000D58C4 /* XCRemoteSwiftPackageReference "Sparkle" */;
			productName = Sparkle;
		};
/* End XCSwiftPackageProductDependency section */
	};
	rootObject = AA00PROJ000000000000000A /* Project object */;
}
